
Microsoft Visual Studio Solution File, Format Version 12.00
# Visual Studio Version 17
VisualStudioVersion = 17.0.31903.59
MinimumVisualStudioVersion = 10.0.40219.1
Project("{2150E333-8FDC-42A3-9474-1A3956D46DE8}") = "src", "src", "{1DED1F35-9E63-4402-B62F-1DB084315850}"
EndProject
Project("{FAE04EC0-301F-11D3-BF4B-00C04F79EFBC}") = "CliBuilder.Core", "src\CliBuilder.Core\CliBuilder.Core.csproj", "{6EA46CBA-811A-4D40-BCEA-18BD01BCC2FF}"
EndProject
Project("{FAE04EC0-301F-11D3-BF4B-00C04F79EFBC}") = "CliBuilder.Adapter.DotNet", "src\CliBuilder.Adapter.DotNet\CliBuilder.Adapter.DotNet.csproj", "{F7F3CF07-4947-4E53-B8EC-371B8CCB0F7A}"
EndProject
Project("{FAE04EC0-301F-11D3-BF4B-00C04F79EFBC}") = "CliBuilder.Generator.CSharp", "src\CliBuilder.Generator.CSharp\CliBuilder.Generator.CSharp.csproj", "{808C9B33-3B58-49A5-AD49-DDB5C103A165}"
EndProject
Project("{FAE04EC0-301F-11D3-BF4B-00C04F79EFBC}") = "CliBuilder", "src\CliBuilder\CliBuilder.csproj", "{D6C42A40-34C7-46DD-8DAB-BEACB3984E05}"
EndProject
Project("{2150E333-8FDC-42A3-9474-1A3956D46DE8}") = "tests", "tests", "{A5DBE8F5-C057-45A2-A9CD-A8ACD8111D1D}"
EndProject
Project("{FAE04EC0-301F-11D3-BF4B-00C04F79EFBC}") = "CliBuilder.Core.Tests", "tests\CliBuilder.Core.Tests\CliBuilder.Core.Tests.csproj", "{592AE282-ECA6-49BB-A6FF-2FDF6F334C8F}"
EndProject
Project("{FAE04EC0-301F-11D3-BF4B-00C04F79EFBC}") = "CliBuilder.TestSdk", "tests\CliBuilder.TestSdk\CliBuilder.TestSdk.csproj", "{0B951898-D840-425C-8F5B-08B888C6F8AC}"
EndProject
Project("{FAE04EC0-301F-11D3-BF4B-00C04F79EFBC}") = "CliBuilder.Integration.Tests", "tests\CliBuilder.Integration.Tests\CliBuilder.Integration.Tests.csproj", "{E8692B07-463D-4A12-9E24-34D6673A7904}"
EndProject
Global
	GlobalSection(SolutionConfigurationPlatforms) = preSolution
		Debug|Any CPU = Debug|Any CPU
		Release|Any CPU = Release|Any CPU
	EndGlobalSection
	GlobalSection(SolutionProperties) = preSolution
		HideSolutionNode = FALSE
	EndGlobalSection
	GlobalSection(ProjectConfigurationPlatforms) = postSolution
		{6EA46CBA-811A-4D40-BCEA-18BD01BCC2FF}.Debug|Any CPU.ActiveCfg = Debug|Any CPU
		{6EA46CBA-811A-4D40-BCEA-18BD01BCC2FF}.Debug|Any CPU.Build.0 = Debug|Any CPU
		{6EA46CBA-811A-4D40-BCEA-18BD01BCC2FF}.Release|Any CPU.ActiveCfg = Release|Any CPU
		{6EA46CBA-811A-4D40-BCEA-18BD01BCC2FF}.Release|Any CPU.Build.0 = Release|Any CPU
		{F7F3CF07-4947-4E53-B8EC-371B8CCB0F7A}.Debug|Any CPU.ActiveCfg = Debug|Any CPU
		{F7F3CF07-4947-4E53-B8EC-371B8CCB0F7A}.Debug|Any CPU.Build.0 = Debug|Any CPU
		{F7F3CF07-4947-4E53-B8EC-371B8CCB0F7A}.Release|Any CPU.ActiveCfg = Release|Any CPU
		{F7F3CF07-4947-4E53-B8EC-371B8CCB0F7A}.Release|Any CPU.Build.0 = Release|Any CPU
		{808C9B33-3B58-49A5-AD49-DDB5C103A165}.Debug|Any CPU.ActiveCfg = Debug|Any CPU
		{808C9B33-3B58-49A5-AD49-DDB5C103A165}.Debug|Any CPU.Build.0 = Debug|Any CPU
		{808C9B33-3B58-49A5-AD49-DDB5C103A165}.Release|Any CPU.ActiveCfg = Release|Any CPU
		{808C9B33-3B58-49A5-AD49-DDB5C103A165}.Release|Any CPU.Build.0 = Release|Any CPU
		{D6C42A40-34C7-46DD-8DAB-BEACB3984E05}.Debug|Any CPU.ActiveCfg = Debug|Any CPU
		{D6C42A40-34C7-46DD-8DAB-BEACB3984E05}.Debug|Any CPU.Build.0 = Debug|Any CPU
		{D6C42A40-34C7-46DD-8DAB-BEACB3984E05}.Release|Any CPU.ActiveCfg = Release|Any CPU
		{D6C42A40-34C7-46DD-8DAB-BEACB3984E05}.Release|Any CPU.Build.0 = Release|Any CPU
		{592AE282-ECA6-49BB-A6FF-2FDF6F334C8F}.Debug|Any CPU.ActiveCfg = Debug|Any CPU
		{592AE282-ECA6-49BB-A6FF-2FDF6F334C8F}.Debug|Any CPU.Build.0 = Debug|Any CPU
		{592AE282-ECA6-49BB-A6FF-2FDF6F334C8F}.Release|Any CPU.ActiveCfg = Release|Any CPU
		{592AE282-ECA6-49BB-A6FF-2FDF6F334C8F}.Release|Any CPU.Build.0 = Release|Any CPU
		{0B951898-D840-425C-8F5B-08B888C6F8AC}.Debug|Any CPU.ActiveCfg = Debug|Any CPU
		{0B951898-D840-425C-8F5B-08B888C6F8AC}.Debug|Any CPU.Build.0 = Debug|Any CPU
		{0B951898-D840-425C-8F5B-08B888C6F8AC}.Release|Any CPU.ActiveCfg = Release|Any CPU
		{0B951898-D840-425C-8F5B-08B888C6F8AC}.Release|Any CPU.Build.0 = Release|Any CPU
		{E8692B07-463D-4A12-9E24-34D6673A7904}.Debug|Any CPU.ActiveCfg = Debug|Any CPU
		{E8692B07-463D-4A12-9E24-34D6673A7904}.Debug|Any CPU.Build.0 = Debug|Any CPU
		{E8692B07-463D-4A12-9E24-34D6673A7904}.Release|Any CPU.ActiveCfg = Release|Any CPU
		{E8692B07-463D-4A12-9E24-34D6673A7904}.Release|Any CPU.Build.0 = Release|Any CPU
	EndGlobalSection
	GlobalSection(NestedProjects) = preSolution
		{6EA46CBA-811A-4D40-BCEA-18BD01BCC2FF} = {1DED1F35-9E63-4402-B62F-1DB084315850}
		{F7F3CF07-4947-4E53-B8EC-371B8CCB0F7A} = {1DED1F35-9E63-4402-B62F-1DB084315850}
		{808C9B33-3B58-49A5-AD49-DDB5C103A165} = {1DED1F35-9E63-4402-B62F-1DB084315850}
		{D6C42A40-34C7-46DD-8DAB-BEACB3984E05} = {1DED1F35-9E63-4402-B62F-1DB084315850}
		{592AE282-ECA6-49BB-A6FF-2FDF6F334C8F} = {A5DBE8F5-C057-45A2-A9CD-A8ACD8111D1D}
		{0B951898-D840-425C-8F5B-08B888C6F8AC} = {A5DBE8F5-C057-45A2-A9CD-A8ACD8111D1D}
		{E8692B07-463D-4A12-9E24-34D6673A7904} = {A5DBE8F5-C057-45A2-A9CD-A8ACD8111D1D}
	EndGlobalSection
EndGlobal
